// !$*UTF8*$!
{
	archiveVersion = 1;
	classes = {
	};
	objectVersion = 55;
	objects = {

/* Begin PBXBuildFile section */
		5C94F77A27D5880100A90D42 /* TaskFramework in Frameworks */ = {isa = PBXBuildFile; productRef = 5C94F77927D5880100A90D42 /* TaskFramework */; };
		5C94F77D27D5885400A90D42 /* ConfirmAddingNote.swift in Sources */ = {isa = PBXBuildFile; fileRef = 5C94F77C27D5885400A90D42 /* ConfirmAddingNote.swift */; };
		5C94F77F27D588CA00A90D42 /* ViewHolder.swift in Sources */ = {isa = PBXBuildFile; fileRef = 5C94F77E27D588CA00A90D42 /* ViewHolder.swift */; };
		5C94F78127D58A0400A90D42 /* AddNote.swift in Sources */ = {isa = PBXBuildFile; fileRef = 5C94F78027D58A0400A90D42 /* AddNote.swift */; };
		5C94F78327D58AD800A90D42 /* CacheNoteByIdentifier.swift in Sources */ = {isa = PBXBuildFile; fileRef = 5C94F78227D58AD800A90D42 /* CacheNoteByIdentifier.swift */; };
		5CB14FC327D5870900C7C097 /* AppDelegate.swift in Sources */ = {isa = PBXBuildFile; fileRef = 5CB14FC227D5870900C7C097 /* AppDelegate.swift */; };
		5CB14FC527D5870900C7C097 /* SceneDelegate.swift in Sources */ = {isa = PBXBuildFile; fileRef = 5CB14FC427D5870900C7C097 /* SceneDelegate.swift */; };
		5CB14FC727D5870900C7C097 /* ViewController.swift in Sources */ = {isa = PBXBuildFile; fileRef = 5CB14FC627D5870900C7C097 /* ViewController.swift */; };
		5CB14FCA27D5870900C7C097 /* Main.storyboard in Resources */ = {isa = PBXBuildFile; fileRef = 5CB14FC827D5870900C7C097 /* Main.storyboard */; };
		5CB14FCC27D5870B00C7C097 /* Assets.xcassets in Resources */ = {isa = PBXBuildFile; fileRef = 5CB14FCB27D5870B00C7C097 /* Assets.xcassets */; };
		5CB14FCF27D5870B00C7C097 /* LaunchScreen.storyboard in Resources */ = {isa = PBXBuildFile; fileRef = 5CB14FCD27D5870B00C7C097 /* LaunchScreen.storyboard */; };
/* End PBXBuildFile section */

/* Begin PBXFileReference section */
		5C94F77C27D5885400A90D42 /* ConfirmAddingNote.swift */ = {isa = PBXFileReference; lastKnownFileType = sourcecode.swift; path = ConfirmAddingNote.swift; sourceTree = "<group>"; };
		5C94F77E27D588CA00A90D42 /* ViewHolder.swift */ = {isa = PBXFileReference; lastKnownFileType = sourcecode.swift; path = ViewHolder.swift; sourceTree = "<group>"; };
		5C94F78027D58A0400A90D42 /* AddNote.swift */ = {isa = PBXFileReference; lastKnownFileType = sourcecode.swift; path = AddNote.swift; sourceTree = "<group>"; };
		5C94F78227D58AD800A90D42 /* CacheNoteByIdentifier.swift */ = {isa = PBXFileReference; lastKnownFileType = sourcecode.swift; path = CacheNoteByIdentifier.swift; sourceTree = "<group>"; };
		5CB14FBF27D5870900C7C097 /* TaskFrameworkUsageExample.app */ = {isa = PBXFileReference; explicitFileType = wrapper.application; includeInIndex = 0; path = TaskFrameworkUsageExample.app; sourceTree = BUILT_PRODUCTS_DIR; };
		5CB14FC227D5870900C7C097 /* AppDelegate.swift */ = {isa = PBXFileReference; lastKnownFileType = sourcecode.swift; path = AppDelegate.swift; sourceTree = "<group>"; };
		5CB14FC427D5870900C7C097 /* SceneDelegate.swift */ = {isa = PBXFileReference; lastKnownFileType = sourcecode.swift; path = SceneDelegate.swift; sourceTree = "<group>"; };
		5CB14FC627D5870900C7C097 /* ViewController.swift */ = {isa = PBXFileReference; lastKnownFileType = sourcecode.swift; path = ViewController.swift; sourceTree = "<group>"; };
		5CB14FC927D5870900C7C097 /* Base */ = {isa = PBXFileReference; lastKnownFileType = file.storyboard; name = Base; path = Base.lproj/Main.storyboard; sourceTree = "<group>"; };
		5CB14FCB27D5870B00C7C097 /* Assets.xcassets */ = {isa = PBXFileReference; lastKnownFileType = folder.assetcatalog; path = Assets.xcassets; sourceTree = "<group>"; };
		5CB14FCE27D5870B00C7C097 /* Base */ = {isa = PBXFileReference; lastKnownFileType = file.storyboard; name = Base; path = Base.lproj/LaunchScreen.storyboard; sourceTree = "<group>"; };
		5CB14FD027D5870B00C7C097 /* Info.plist */ = {isa = PBXFileReference; lastKnownFileType = text.plist.xml; path = Info.plist; sourceTree = "<group>"; };
/* End PBXFileReference section */

/* Begin PBXFrameworksBuildPhase section */
		5CB14FBC27D5870900C7C097 /* Frameworks */ = {
			isa = PBXFrameworksBuildPhase;
			buildActionMask = 2147483647;
			files = (
				5C94F77A27D5880100A90D42 /* TaskFramework in Frameworks */,
			);
			runOnlyForDeploymentPostprocessing = 0;
		};
/* End PBXFrameworksBuildPhase section */

/* Begin PBXGroup section */
		5C94F77B27D5880E00A90D42 /* Tasks */ = {
			isa = PBXGroup;
			children = (
				5C94F77C27D5885400A90D42 /* ConfirmAddingNote.swift */,
				5C94F78027D58A0400A90D42 /* AddNote.swift */,
				5C94F78227D58AD800A90D42 /* CacheNoteByIdentifier.swift */,
			);
			path = Tasks;
			sourceTree = "<group>";
		};
		5CB14FB627D5870900C7C097 = {
			isa = PBXGroup;
			children = (
				5CB14FC127D5870900C7C097 /* TaskFrameworkUsageExample */,
				5CB14FC027D5870900C7C097 /* Products */,
			);
			sourceTree = "<group>";
		};
		5CB14FC027D5870900C7C097 /* Products */ = {
			isa = PBXGroup;
			children = (
				5CB14FBF27D5870900C7C097 /* TaskFrameworkUsageExample.app */,
			);
			name = Products;
			sourceTree = "<group>";
		};
		5CB14FC127D5870900C7C097 /* TaskFrameworkUsageExample */ = {
			isa = PBXGroup;
			children = (
				5C94F77B27D5880E00A90D42 /* Tasks */,
				5CB14FC227D5870900C7C097 /* AppDelegate.swift */,
				5CB14FC427D5870900C7C097 /* SceneDelegate.swift */,
				5CB14FC627D5870900C7C097 /* ViewController.swift */,
				5CB14FC827D5870900C7C097 /* Main.storyboard */,
				5CB14FCB27D5870B00C7C097 /* Assets.xcassets */,
				5CB14FCD27D5870B00C7C097 /* LaunchScreen.storyboard */,
				5CB14FD027D5870B00C7C097 /* Info.plist */,
				5C94F77E27D588CA00A90D42 /* ViewHolder.swift */,
			);
			path = TaskFrameworkUsageExample;
			sourceTree = "<group>";
		};
/* End PBXGroup section */

/* Begin PBXNativeTarget section */
		5CB14FBE27D5870900C7C097 /* TaskFrameworkUsageExample */ = {
			isa = PBXNativeTarget;
			buildConfigurationList = 5CB14FD327D5870B00C7C097 /* Build configuration list for PBXNativeTarget "TaskFrameworkUsageExample" */;
			buildPhases = (
				5CB14FBB27D5870900C7C097 /* Sources */,
				5CB14FBC27D5870900C7C097 /* Frameworks */,
				5CB14FBD27D5870900C7C097 /* Resources */,
			);
			buildRules = (
			);
			dependencies = (
			);
			name = TaskFrameworkUsageExample;
			packageProductDependencies = (
				5C94F77927D5880100A90D42 /* TaskFramework */,
			);
			productName = TaskFrameworkUsageExample;
			productReference = 5CB14FBF27D5870900C7C097 /* TaskFrameworkUsageExample.app */;
			productType = "com.apple.product-type.application";
		};
/* End PBXNativeTarget section */

/* Begin PBXProject section */
		5CB14FB727D5870900C7C097 /* Project object */ = {
			isa = PBXProject;
			attributes = {
				BuildIndependentTargetsInParallel = 1;
				LastSwiftUpdateCheck = 1300;
				LastUpgradeCheck = 1300;
				TargetAttributes = {
					5CB14FBE27D5870900C7C097 = {
						CreatedOnToolsVersion = 13.0;
					};
				};
			};
			buildConfigurationList = 5CB14FBA27D5870900C7C097 /* Build configuration list for PBXProject "TaskFrameworkUsageExample" */;
			compatibilityVersion = "Xcode 13.0";
			developmentRegion = en;
			hasScannedForEncodings = 0;
			knownRegions = (
				en,
				Base,
			);
			mainGroup = 5CB14FB627D5870900C7C097;
			packageReferences = (
				5C94F77827D5880100A90D42 /* XCRemoteSwiftPackageReference "Task-Framework" */,
			);
			productRefGroup = 5CB14FC027D5870900C7C097 /* Products */;
			projectDirPath = "";
			projectRoot = "";
			targets = (
				5CB14FBE27D5870900C7C097 /* TaskFrameworkUsageExample */,
			);
		};
/* End PBXProject section */

/* Begin PBXResourcesBuildPhase section */
		5CB14FBD27D5870900C7C097 /* Resources */ = {
			isa = PBXResourcesBuildPhase;
			buildActionMask = 2147483647;
			files = (
				5CB14FCF27D5870B00C7C097 /* LaunchScreen.storyboard in Resources */,
				5CB14FCC27D5870B00C7C097 /* Assets.xcassets in Resources */,
				5CB14FCA27D5870900C7C097 /* Main.storyboard in Resources */,
			);
			runOnlyForDeploymentPostprocessing = 0;
		};
/* End PBXResourcesBuildPhase section */

/* Begin PBXSourcesBuildPhase section */
		5CB14FBB27D5870900C7C097 /* Sources */ = {
			isa = PBXSourcesBuildPhase;
			buildActionMask = 2147483647;
			files = (
				5CB14FC727D5870900C7C097 /* ViewController.swift in Sources */,
				5C94F78127D58A0400A90D42 /* AddNote.swift in Sources */,
				5CB14FC327D5870900C7C097 /* AppDelegate.swift in Sources */,
				5C94F78327D58AD800A90D42 /* CacheNoteByIdentifier.swift in Sources */,
				5C94F77F27D588CA00A90D42 /* ViewHolder.swift in Sources */,
				5C94F77D27D5885400A90D42 /* ConfirmAddingNote.swift in Sources */,
				5CB14FC527D5870900C7C097 /* SceneDelegate.swift in Sources */,
			);
			runOnlyForDeploymentPostprocessing = 0;
		};
/* End PBXSourcesBuildPhase section */

/* Begin PBXVariantGroup section */
		5CB14FC827D5870900C7C097 /* Main.storyboard */ = {
			isa = PBXVariantGroup;
			children = (
				5CB14FC927D5870900C7C097 /* Base */,
			);
			name = Main.storyboard;
			sourceTree = "<group>";
		};
		5CB14FCD27D5870B00C7C097 /* LaunchScreen.storyboard */ = {
			isa = PBXVariantGroup;
			children = (
				5CB14FCE27D5870B00C7C097 /* Base */,
			);
			name = LaunchScreen.storyboard;
			sourceTree = "<group>";
		};
/* End PBXVariantGroup section */

/* Begin XCBuildConfiguration section */
		5CB14FD127D5870B00C7C097 /* Debug */ = {
			isa = XCBuildConfiguration;
			buildSettings = {
				ALWAYS_SEARCH_USER_PATHS = NO;
				CLANG_ANALYZER_NONNULL = YES;
				CLANG_ANALYZER_NUMBER_OBJECT_CONVERSION = YES_AGGRESSIVE;
				CLANG_CXX_LANGUAGE_STANDARD = "gnu++17";
				CLANG_CXX_LIBRARY = "libc++";
				CLANG_ENABLE_MODULES = YES;
				CLANG_ENABLE_OBJC_ARC = YES;
				CLANG_ENABLE_OBJC_WEAK = YES;
				CLANG_WARN_BLOCK_CAPTURE_AUTORELEASING = YES;
				CLANG_WARN_BOOL_CONVERSION = YES;
				CLANG_WARN_COMMA = YES;
				CLANG_WARN_CONSTANT_CONVERSION = YES;
				CLANG_WARN_DEPRECATED_OBJC_IMPLEMENTATIONS = YES;
				CLANG_WARN_DIRECT_OBJC_ISA_USAGE = YES_ERROR;
				CLANG_WARN_DOCUMENTATION_COMMENTS = YES;
				CLANG_WARN_EMPTY_BODY = YES;
				CLANG_WARN_ENUM_CONVERSION = YES;
				CLANG_WARN_INFINITE_RECURSION = YES;
				CLANG_WARN_INT_CONVERSION = YES;
				CLANG_WARN_NON_LITERAL_NULL_CONVERSION = YES;
				CLANG_WARN_OBJC_IMPLICIT_RETAIN_SELF = YES;
				CLANG_WARN_OBJC_LITERAL_CONVERSION = YES;
				CLANG_WARN_OBJC_ROOT_CLASS = YES_ERROR;
				CLANG_WARN_QUOTED_INCLUDE_IN_FRAMEWORK_HEADER = YES;
				CLANG_WARN_RANGE_LOOP_ANALYSIS = YES;
				CLANG_WARN_STRICT_PROTOTYPES = YES;
				CLANG_WARN_SUSPICIOUS_MOVE = YES;
				CLANG_WARN_UNGUARDED_AVAILABILITY = YES_AGGRESSIVE;
				CLANG_WARN_UNREACHABLE_CODE = YES;
				CLANG_WARN__DUPLICATE_METHOD_MATCH = YES;
				COPY_PHASE_STRIP = NO;
				DEBUG_INFORMATION_FORMAT = dwarf;
				ENABLE_STRICT_OBJC_MSGSEND = YES;
				ENABLE_TESTABILITY = YES;
				GCC_C_LANGUAGE_STANDARD = gnu11;
				GCC_DYNAMIC_NO_PIC = NO;
				GCC_NO_COMMON_BLOCKS = YES;
				GCC_OPTIMIZATION_LEVEL = 0;
				GCC_PREPROCESSOR_DEFINITIONS = (
					"DEBUG=1",
					"$(inherited)",
				);
				GCC_WARN_64_TO_32_BIT_CONVERSION = YES;
				GCC_WARN_ABOUT_RETURN_TYPE = YES_ERROR;
				GCC_WARN_UNDECLARED_SELECTOR = YES;
				GCC_WARN_UNINITIALIZED_AUTOS = YES_AGGRESSIVE;
				GCC_WARN_UNUSED_FUNCTION = YES;
				GCC_WARN_UNUSED_VARIABLE = YES;
				IPHONEOS_DEPLOYMENT_TARGET = 15.0;
				MTL_ENABLE_DEBUG_INFO = INCLUDE_SOURCE;
				MTL_FAST_MATH = YES;
				ONLY_ACTIVE_ARCH = YES;
				SDKROOT = iphoneos;
				SWIFT_ACTIVE_COMPILATION_CONDITIONS = DEBUG;
				SWIFT_OPTIMIZATION_LEVEL = "-Onone";
			};
			name = Debug;
		};
		5CB14FD227D5870B00C7C097 /* Release */ = {
			isa = XCBuildConfiguration;
			buildSettings = {
				ALWAYS_SEARCH_USER_PATHS = NO;
				CLANG_ANALYZER_NONNULL = YES;
				CLANG_ANALYZER_NUMBER_OBJECT_CONVERSION = YES_AGGRESSIVE;
				CLANG_CXX_LANGUAGE_STANDARD = "gnu++17";
				CLANG_CXX_LIBRARY = "libc++";
				CLANG_ENABLE_MODULES = YES;
				CLANG_ENABLE_OBJC_ARC = YES;
				CLANG_ENABLE_OBJC_WEAK = YES;
				CLANG_WARN_BLOCK_CAPTURE_AUTORELEASING = YES;
				CLANG_WARN_BOOL_CONVERSION = YES;
				CLANG_WARN_COMMA = YES;
				CLANG_WARN_CONSTANT_CONVERSION = YES;
				CLANG_WARN_DEPRECATED_OBJC_IMPLEMENTATIONS = YES;
				CLANG_WARN_DIRECT_OBJC_ISA_USAGE = YES_ERROR;
				CLANG_WARN_DOCUMENTATION_COMMENTS = YES;
				CLANG_WARN_EMPTY_BODY = YES;
				CLANG_WARN_ENUM_CONVERSION = YES;
				CLANG_WARN_INFINITE_RECURSION = YES;
				CLANG_WARN_INT_CONVERSION = YES;
				CLANG_WARN_NON_LITERAL_NULL_CONVERSION = YES;
				CLANG_WARN_OBJC_IMPLICIT_RETAIN_SELF = YES;
				CLANG_WARN_OBJC_LITERAL_CONVERSION = YES;
				CLANG_WARN_OBJC_ROOT_CLASS = YES_ERROR;
				CLANG_WARN_QUOTED_INCLUDE_IN_FRAMEWORK_HEADER = YES;
				CLANG_WARN_RANGE_LOOP_ANALYSIS = YES;
				CLANG_WARN_STRICT_PROTOTYPES = YES;
				CLANG_WARN_SUSPICIOUS_MOVE = YES;
				CLANG_WARN_UNGUARDED_AVAILABILITY = YES_AGGRESSIVE;
				CLANG_WARN_UNREACHABLE_CODE = YES;
				CLANG_WARN__DUPLICATE_METHOD_MATCH = YES;
				COPY_PHASE_STRIP = NO;
				DEBUG_INFORMATION_FORMAT = "dwarf-with-dsym";
				ENABLE_NS_ASSERTIONS = NO;
				ENABLE_STRICT_OBJC_MSGSEND = YES;
				GCC_C_LANGUAGE_STANDARD = gnu11;
				GCC_NO_COMMON_BLOCKS = YES;
				GCC_WARN_64_TO_32_BIT_CONVERSION = YES;
				GCC_WARN_ABOUT_RETURN_TYPE = YES_ERROR;
				GCC_WARN_UNDECLARED_SELECTOR = YES;
				GCC_WARN_UNINITIALIZED_AUTOS = YES_AGGRESSIVE;
				GCC_WARN_UNUSED_FUNCTION = YES;
				GCC_WARN_UNUSED_VARIABLE = YES;
				IPHONEOS_DEPLOYMENT_TARGET = 15.0;
				MTL_ENABLE_DEBUG_INFO = NO;
				MTL_FAST_MATH = YES;
				SDKROOT = iphoneos;
				SWIFT_COMPILATION_MODE = wholemodule;
				SWIFT_OPTIMIZATION_LEVEL = "-O";
				VALIDATE_PRODUCT = YES;
			};
			name = Release;
		};
		5CB14FD427D5870B00C7C097 /* Debug */ = {
			isa = XCBuildConfiguration;
			buildSettings = {
				ASSETCATALOG_COMPILER_APPICON_NAME = AppIcon;
				ASSETCATALOG_COMPILER_GLOBAL_ACCENT_COLOR_NAME = AccentColor;
				CODE_SIGN_STYLE = Automatic;
				CURRENT_PROJECT_VERSION = 1;
				GENERATE_INFOPLIST_FILE = YES;
				INFOPLIST_FILE = TaskFrameworkUsageExample/Info.plist;
				INFOPLIST_KEY_UIApplicationSupportsIndirectInputEvents = YES;
				INFOPLIST_KEY_UILaunchStoryboardName = LaunchScreen;
				INFOPLIST_KEY_UIMainStoryboardFile = Main;
				INFOPLIST_KEY_UISupportedInterfaceOrientations_iPad = "UIInterfaceOrientationPortrait UIInterfaceOrientationPortraitUpsideDown UIInterfaceOrientationLandscapeLeft UIInterfaceOrientationLandscapeRight";
				INFOPLIST_KEY_UISupportedInterfaceOrientations_iPhone = "UIInterfaceOrientationPortrait UIInterfaceOrientationLandscapeLeft UIInterfaceOrientationLandscapeRight";
				LD_RUNPATH_SEARCH_PATHS = (
					"$(inherited)",
					"@executable_path/Frameworks",
				);
				MARKETING_VERSION = 1.0;
				PRODUCT_BUNDLE_IDENTIFIER = com.TaskFrameworkUsageExample;
				PRODUCT_NAME = "$(TARGET_NAME)";
				SWIFT_EMIT_LOC_STRINGS = YES;
				SWIFT_VERSION = 5.0;
				TARGETED_DEVICE_FAMILY = "1,2";
			};
			name = Debug;
		};
		5CB14FD527D5870B00C7C097 /* Release */ = {
			isa = XCBuildConfiguration;
			buildSettings = {
				ASSETCATALOG_COMPILER_APPICON_NAME = AppIcon;
				ASSETCATALOG_COMPILER_GLOBAL_ACCENT_COLOR_NAME = AccentColor;
				CODE_SIGN_STYLE = Automatic;
				CURRENT_PROJECT_VERSION = 1;
				GENERATE_INFOPLIST_FILE = YES;
				INFOPLIST_FILE = TaskFrameworkUsageExample/Info.plist;
				INFOPLIST_KEY_UIApplicationSupportsIndirectInputEvents = YES;
				INFOPLIST_KEY_UILaunchStoryboardName = LaunchScreen;
				INFOPLIST_KEY_UIMainStoryboardFile = Main;
				INFOPLIST_KEY_UISupportedInterfaceOrientations_iPad = "UIInterfaceOrientationPortrait UIInterfaceOrientationPortraitUpsideDown UIInterfaceOrientationLandscapeLeft UIInterfaceOrientationLandscapeRight";
				INFOPLIST_KEY_UISupportedInterfaceOrientations_iPhone = "UIInterfaceOrientationPortrait UIInterfaceOrientationLandscapeLeft UIInterfaceOrientationLandscapeRight";
				LD_RUNPATH_SEARCH_PATHS = (
					"$(inherited)",
					"@executable_path/Frameworks",
				);
				MARKETING_VERSION = 1.0;
				PRODUCT_BUNDLE_IDENTIFIER = com.TaskFrameworkUsageExample;
				PRODUCT_NAME = "$(TARGET_NAME)";
				SWIFT_EMIT_LOC_STRINGS = YES;
				SWIFT_VERSION = 5.0;
				TARGETED_DEVICE_FAMILY = "1,2";
			};
			name = Release;
		};
/* End XCBuildConfiguration section */

/* Begin XCConfigurationList section */
		5CB14FBA27D5870900C7C097 /* Build configuration list for PBXProject "TaskFrameworkUsageExample" */ = {
			isa = XCConfigurationList;
			buildConfigurations = (
				5CB14FD127D5870B00C7C097 /* Debug */,
				5CB14FD227D5870B00C7C097 /* Release */,
			);
			defaultConfigurationIsVisible = 0;
			defaultConfigurationName = Release;
		};
		5CB14FD327D5870B00C7C097 /* Build configuration list for PBXNativeTarget "TaskFrameworkUsageExample" */ = {
			isa = XCConfigurationList;
			buildConfigurations = (
				5CB14FD427D5870B00C7C097 /* Debug */,
				5CB14FD527D5870B00C7C097 /* Release */,
			);
			defaultConfigurationIsVisible = 0;
			defaultConfigurationName = Release;
		};
/* End XCConfigurationList section */

/* Begin XCRemoteSwiftPackageReference section */
		5C94F77827D5880100A90D42 /* XCRemoteSwiftPackageReference "Task-Framework" */ = {
			isa = XCRemoteSwiftPackageReference;
			repositoryURL = "https://github.com/dosgiandubh/Task-Framework";
			requirement = {
				branch = main;
				kind = branch;
			};
		};
/* End XCRemoteSwiftPackageReference section */

/* Begin XCSwiftPackageProductDependency section */
		5C94F77927D5880100A90D42 /* TaskFramework */ = {
			isa = XCSwiftPackageProductDependency;
			package = 5C94F77827D5880100A90D42 /* XCRemoteSwiftPackageReference "Task-Framework" */;
			productName = TaskFramework;
		};
/* End XCSwiftPackageProductDependency section */
	};
	rootObject = 5CB14FB727D5870900C7C097 /* Project object */;
}
